
Microsoft Visual Studio Solution File, Format Version 12.00
# Visual Studio Version 17
VisualStudioVersion = 17.9.34723.18
MinimumVisualStudioVersion = 10.0.40219.1
Project("{2150E333-8FDC-42A3-9474-1A3956D46DE8}") = "src", "src", "{E0849D37-FF45-4101-9549-200C365AFCAB}"
EndProject
Project("{2150E333-8FDC-42A3-9474-1A3956D46DE8}") = "Services", "Services", "{47F88D67-010A-4F3B-B486-A7C54917761A}"
EndProject
Project("{2150E333-8FDC-42A3-9474-1A3956D46DE8}") = "Results", "Results", "{DDB67CDA-3525-4CEA-AF9E-64A1C13ABDC2}"
EndProject
Project("{9A19103F-16F7-4668-BE54-9A1E7A4F7556}") = "Results.Api", "src\Services\Results\Results.Api\Results.Api.csproj", "{E315A2D9-D9A8-4A4F-9576-D66D88B2330C}"
EndProject
Project("{2150E333-8FDC-42A3-9474-1A3956D46DE8}") = "Tests", "Tests", "{13F4C8E8-DAB3-401A-9FE8-559AEAFF594E}"
EndProject
Project("{2150E333-8FDC-42A3-9474-1A3956D46DE8}") = "Results", "Results", "{0BC02668-B917-4E08-91CE-3C9CE2E5160C}"
EndProject
Project("{9A19103F-16F7-4668-BE54-9A1E7A4F7556}") = "ResultsServiceTests", "src\Tests\Results\ResultsServiceTests\ResultsServiceTests.csproj", "{AEEFA263-7F02-4109-9F4B-9E0AC0461536}"
EndProject
Project("{9A19103F-16F7-4668-BE54-9A1E7A4F7556}") = "Results.Application", "src\Services\Results\Results.Application\Results.Application.csproj", "{7CD9B34E-7263-4798-AF98-D69124AD3C87}"
EndProject
Project("{9A19103F-16F7-4668-BE54-9A1E7A4F7556}") = "Results.DAL", "src\Services\Results\Results.DAL\Results.DAL.csproj", "{EA1584D9-860F-4BFA-A757-3D0910AF2417}"
EndProject
Project("{9A19103F-16F7-4668-BE54-9A1E7A4F7556}") = "Results.Domain", "src\Services\Results\Results.Domain\Results.Domain.csproj", "{76F09CD7-4795-4AEC-807A-E333D8EBD8DC}"
EndProject
Project("{2150E333-8FDC-42A3-9474-1A3956D46DE8}") = "Users", "Users", "{45A3A88E-D034-4AEB-9CB4-7A09D16EDFEA}"
EndProject
Project("{9A19103F-16F7-4668-BE54-9A1E7A4F7556}") = "Users.Api", "src\Services\Users\Users.Api\Users.Api.csproj", "{9911804B-B63C-4A67-965A-28D3BBE8315A}"
EndProject
Project("{9A19103F-16F7-4668-BE54-9A1E7A4F7556}") = "Users.Application", "src\Services\Users\Users.Application\Users.Application.csproj", "{D4B24814-60B1-44B6-AB6C-BDBA815F555C}"
EndProject
Project("{9A19103F-16F7-4668-BE54-9A1E7A4F7556}") = "Users.DAL", "src\Services\Users\Users.DAL\Users.DAL.csproj", "{776E5C72-4E1D-4753-8273-AE3ACBF59F2F}"
EndProject
Project("{9A19103F-16F7-4668-BE54-9A1E7A4F7556}") = "Users.Domain", "src\Services\Users\Users.Domain\Users.Domain.csproj", "{9ED3AB29-4D41-43DA-9597-F8BDA31DC13A}"
EndProject
Project("{2150E333-8FDC-42A3-9474-1A3956D46DE8}") = "Users", "Users", "{8B78D4D7-CD98-4E3F-88DF-88B61D7F6C88}"
EndProject
Project("{9A19103F-16F7-4668-BE54-9A1E7A4F7556}") = "UsersServiceTests", "src\Tests\Users\UsersServiceTests\UsersServiceTests.csproj", "{E1C9245D-117E-4E7B-BED4-320B591B4159}"
EndProject
Project("{9A19103F-16F7-4668-BE54-9A1E7A4F7556}") = "TrainingHelper.ApiGateway", "TrainingHelper.ApiGateway\TrainingHelper.ApiGateway.csproj", "{16252AE3-C636-486F-A6B3-2F349D756E20}"
EndProject
Project("{2150E333-8FDC-42A3-9474-1A3956D46DE8}") = "Auth", "Auth", "{FCC13726-11C4-49C5-871B-9ED132867B0B}"
EndProject
Project("{9A19103F-16F7-4668-BE54-9A1E7A4F7556}") = "Auth.Api", "src\Services\Auth\Auth.Api\Auth.Api.csproj", "{4ED96D90-AD11-47ED-98AF-2FACC195780D}"
EndProject
Project("{9A19103F-16F7-4668-BE54-9A1E7A4F7556}") = "Auth.Application", "src\Services\Auth\Auth.Application\Auth.Application.csproj", "{7D84E705-583A-4FCF-A67D-8EB49FF1B012}"
EndProject
Project("{9A19103F-16F7-4668-BE54-9A1E7A4F7556}") = "Auth.Domain", "src\Services\Auth\Auth.Domain\Auth.Domain.csproj", "{459C1D2C-2CAF-4BB1-9064-64CF85A9F7BA}"
EndProject
Project("{2150E333-8FDC-42A3-9474-1A3956D46DE8}") = "Extentions", "Extentions", "{4F6FE2DB-0792-49C4-8BD4-35C70FB00702}"
EndProject
Project("{9A19103F-16F7-4668-BE54-9A1E7A4F7556}") = "MessageBroker.RabbitMq", "src\Extentions\MessageBroker.RabbitMq\MessageBroker.RabbitMq.csproj", "{C1858811-BEFB-4D54-8DF6-C9B985EC600C}"
EndProject
Global
	GlobalSection(SolutionConfigurationPlatforms) = preSolution
		Debug|Any CPU = Debug|Any CPU
		Release|Any CPU = Release|Any CPU
	EndGlobalSection
	GlobalSection(ProjectConfigurationPlatforms) = postSolution
		{E315A2D9-D9A8-4A4F-9576-D66D88B2330C}.Debug|Any CPU.ActiveCfg = Debug|Any CPU
		{E315A2D9-D9A8-4A4F-9576-D66D88B2330C}.Debug|Any CPU.Build.0 = Debug|Any CPU
		{E315A2D9-D9A8-4A4F-9576-D66D88B2330C}.Release|Any CPU.ActiveCfg = Release|Any CPU
		{E315A2D9-D9A8-4A4F-9576-D66D88B2330C}.Release|Any CPU.Build.0 = Release|Any CPU
		{AEEFA263-7F02-4109-9F4B-9E0AC0461536}.Debug|Any CPU.ActiveCfg = Debug|Any CPU
		{AEEFA263-7F02-4109-9F4B-9E0AC0461536}.Debug|Any CPU.Build.0 = Debug|Any CPU
		{AEEFA263-7F02-4109-9F4B-9E0AC0461536}.Release|Any CPU.ActiveCfg = Release|Any CPU
		{AEEFA263-7F02-4109-9F4B-9E0AC0461536}.Release|Any CPU.Build.0 = Release|Any CPU
		{7CD9B34E-7263-4798-AF98-D69124AD3C87}.Debug|Any CPU.ActiveCfg = Debug|Any CPU
		{7CD9B34E-7263-4798-AF98-D69124AD3C87}.Debug|Any CPU.Build.0 = Debug|Any CPU
		{7CD9B34E-7263-4798-AF98-D69124AD3C87}.Release|Any CPU.ActiveCfg = Release|Any CPU
		{7CD9B34E-7263-4798-AF98-D69124AD3C87}.Release|Any CPU.Build.0 = Release|Any CPU
		{EA1584D9-860F-4BFA-A757-3D0910AF2417}.Debug|Any CPU.ActiveCfg = Debug|Any CPU
		{EA1584D9-860F-4BFA-A757-3D0910AF2417}.Debug|Any CPU.Build.0 = Debug|Any CPU
		{EA1584D9-860F-4BFA-A757-3D0910AF2417}.Release|Any CPU.ActiveCfg = Release|Any CPU
		{EA1584D9-860F-4BFA-A757-3D0910AF2417}.Release|Any CPU.Build.0 = Release|Any CPU
		{76F09CD7-4795-4AEC-807A-E333D8EBD8DC}.Debug|Any CPU.ActiveCfg = Debug|Any CPU
		{76F09CD7-4795-4AEC-807A-E333D8EBD8DC}.Debug|Any CPU.Build.0 = Debug|Any CPU
		{76F09CD7-4795-4AEC-807A-E333D8EBD8DC}.Release|Any CPU.ActiveCfg = Release|Any CPU
		{76F09CD7-4795-4AEC-807A-E333D8EBD8DC}.Release|Any CPU.Build.0 = Release|Any CPU
		{9911804B-B63C-4A67-965A-28D3BBE8315A}.Debug|Any CPU.ActiveCfg = Debug|Any CPU
		{9911804B-B63C-4A67-965A-28D3BBE8315A}.Debug|Any CPU.Build.0 = Debug|Any CPU
		{9911804B-B63C-4A67-965A-28D3BBE8315A}.Release|Any CPU.ActiveCfg = Release|Any CPU
		{9911804B-B63C-4A67-965A-28D3BBE8315A}.Release|Any CPU.Build.0 = Release|Any CPU
		{D4B24814-60B1-44B6-AB6C-BDBA815F555C}.Debug|Any CPU.ActiveCfg = Debug|Any CPU
		{D4B24814-60B1-44B6-AB6C-BDBA815F555C}.Debug|Any CPU.Build.0 = Debug|Any CPU
		{D4B24814-60B1-44B6-AB6C-BDBA815F555C}.Release|Any CPU.ActiveCfg = Release|Any CPU
		{D4B24814-60B1-44B6-AB6C-BDBA815F555C}.Release|Any CPU.Build.0 = Release|Any CPU
		{776E5C72-4E1D-4753-8273-AE3ACBF59F2F}.Debug|Any CPU.ActiveCfg = Debug|Any CPU
		{776E5C72-4E1D-4753-8273-AE3ACBF59F2F}.Debug|Any CPU.Build.0 = Debug|Any CPU
		{776E5C72-4E1D-4753-8273-AE3ACBF59F2F}.Release|Any CPU.ActiveCfg = Release|Any CPU
		{776E5C72-4E1D-4753-8273-AE3ACBF59F2F}.Release|Any CPU.Build.0 = Release|Any CPU
		{9ED3AB29-4D41-43DA-9597-F8BDA31DC13A}.Debug|Any CPU.ActiveCfg = Debug|Any CPU
		{9ED3AB29-4D41-43DA-9597-F8BDA31DC13A}.Debug|Any CPU.Build.0 = Debug|Any CPU
		{9ED3AB29-4D41-43DA-9597-F8BDA31DC13A}.Release|Any CPU.ActiveCfg = Release|Any CPU
		{9ED3AB29-4D41-43DA-9597-F8BDA31DC13A}.Release|Any CPU.Build.0 = Release|Any CPU
		{E1C9245D-117E-4E7B-BED4-320B591B4159}.Debug|Any CPU.ActiveCfg = Debug|Any CPU
		{E1C9245D-117E-4E7B-BED4-320B591B4159}.Debug|Any CPU.Build.0 = Debug|Any CPU
		{E1C9245D-117E-4E7B-BED4-320B591B4159}.Release|Any CPU.ActiveCfg = Release|Any CPU
		{E1C9245D-117E-4E7B-BED4-320B591B4159}.Release|Any CPU.Build.0 = Release|Any CPU
		{16252AE3-C636-486F-A6B3-2F349D756E20}.Debug|Any CPU.ActiveCfg = Debug|Any CPU
		{16252AE3-C636-486F-A6B3-2F349D756E20}.Debug|Any CPU.Build.0 = Debug|Any CPU
		{16252AE3-C636-486F-A6B3-2F349D756E20}.Release|Any CPU.ActiveCfg = Release|Any CPU
		{16252AE3-C636-486F-A6B3-2F349D756E20}.Release|Any CPU.Build.0 = Release|Any CPU
		{4ED96D90-AD11-47ED-98AF-2FACC195780D}.Debug|Any CPU.ActiveCfg = Debug|Any CPU
		{4ED96D90-AD11-47ED-98AF-2FACC195780D}.Debug|Any CPU.Build.0 = Debug|Any CPU
		{4ED96D90-AD11-47ED-98AF-2FACC195780D}.Release|Any CPU.ActiveCfg = Release|Any CPU
		{4ED96D90-AD11-47ED-98AF-2FACC195780D}.Release|Any CPU.Build.0 = Release|Any CPU
		{7D84E705-583A-4FCF-A67D-8EB49FF1B012}.Debug|Any CPU.ActiveCfg = Debug|Any CPU
		{7D84E705-583A-4FCF-A67D-8EB49FF1B012}.Debug|Any CPU.Build.0 = Debug|Any CPU
		{7D84E705-583A-4FCF-A67D-8EB49FF1B012}.Release|Any CPU.ActiveCfg = Release|Any CPU
		{7D84E705-583A-4FCF-A67D-8EB49FF1B012}.Release|Any CPU.Build.0 = Release|Any CPU
		{459C1D2C-2CAF-4BB1-9064-64CF85A9F7BA}.Debug|Any CPU.ActiveCfg = Debug|Any CPU
		{459C1D2C-2CAF-4BB1-9064-64CF85A9F7BA}.Debug|Any CPU.Build.0 = Debug|Any CPU
		{459C1D2C-2CAF-4BB1-9064-64CF85A9F7BA}.Release|Any CPU.ActiveCfg = Release|Any CPU
		{459C1D2C-2CAF-4BB1-9064-64CF85A9F7BA}.Release|Any CPU.Build.0 = Release|Any CPU
		{C1858811-BEFB-4D54-8DF6-C9B985EC600C}.Debug|Any CPU.ActiveCfg = Debug|Any CPU
		{C1858811-BEFB-4D54-8DF6-C9B985EC600C}.Debug|Any CPU.Build.0 = Debug|Any CPU
		{C1858811-BEFB-4D54-8DF6-C9B985EC600C}.Release|Any CPU.ActiveCfg = Release|Any CPU
		{C1858811-BEFB-4D54-8DF6-C9B985EC600C}.Release|Any CPU.Build.0 = Release|Any CPU
	EndGlobalSection
	GlobalSection(SolutionProperties) = preSolution
		HideSolutionNode = FALSE
	EndGlobalSection
	GlobalSection(NestedProjects) = preSolution
		{47F88D67-010A-4F3B-B486-A7C54917761A} = {E0849D37-FF45-4101-9549-200C365AFCAB}
		{DDB67CDA-3525-4CEA-AF9E-64A1C13ABDC2} = {47F88D67-010A-4F3B-B486-A7C54917761A}
		{E315A2D9-D9A8-4A4F-9576-D66D88B2330C} = {DDB67CDA-3525-4CEA-AF9E-64A1C13ABDC2}
		{13F4C8E8-DAB3-401A-9FE8-559AEAFF594E} = {E0849D37-FF45-4101-9549-200C365AFCAB}
		{0BC02668-B917-4E08-91CE-3C9CE2E5160C} = {13F4C8E8-DAB3-401A-9FE8-559AEAFF594E}
		{AEEFA263-7F02-4109-9F4B-9E0AC0461536} = {0BC02668-B917-4E08-91CE-3C9CE2E5160C}
		{7CD9B34E-7263-4798-AF98-D69124AD3C87} = {DDB67CDA-3525-4CEA-AF9E-64A1C13ABDC2}
		{EA1584D9-860F-4BFA-A757-3D0910AF2417} = {DDB67CDA-3525-4CEA-AF9E-64A1C13ABDC2}
		{76F09CD7-4795-4AEC-807A-E333D8EBD8DC} = {DDB67CDA-3525-4CEA-AF9E-64A1C13ABDC2}
		{45A3A88E-D034-4AEB-9CB4-7A09D16EDFEA} = {47F88D67-010A-4F3B-B486-A7C54917761A}
		{9911804B-B63C-4A67-965A-28D3BBE8315A} = {45A3A88E-D034-4AEB-9CB4-7A09D16EDFEA}
		{D4B24814-60B1-44B6-AB6C-BDBA815F555C} = {45A3A88E-D034-4AEB-9CB4-7A09D16EDFEA}
		{776E5C72-4E1D-4753-8273-AE3ACBF59F2F} = {45A3A88E-D034-4AEB-9CB4-7A09D16EDFEA}
		{9ED3AB29-4D41-43DA-9597-F8BDA31DC13A} = {45A3A88E-D034-4AEB-9CB4-7A09D16EDFEA}
		{8B78D4D7-CD98-4E3F-88DF-88B61D7F6C88} = {13F4C8E8-DAB3-401A-9FE8-559AEAFF594E}
		{E1C9245D-117E-4E7B-BED4-320B591B4159} = {8B78D4D7-CD98-4E3F-88DF-88B61D7F6C88}
		{16252AE3-C636-486F-A6B3-2F349D756E20} = {E0849D37-FF45-4101-9549-200C365AFCAB}
		{FCC13726-11C4-49C5-871B-9ED132867B0B} = {47F88D67-010A-4F3B-B486-A7C54917761A}
		{4ED96D90-AD11-47ED-98AF-2FACC195780D} = {FCC13726-11C4-49C5-871B-9ED132867B0B}
		{7D84E705-583A-4FCF-A67D-8EB49FF1B012} = {FCC13726-11C4-49C5-871B-9ED132867B0B}
		{459C1D2C-2CAF-4BB1-9064-64CF85A9F7BA} = {FCC13726-11C4-49C5-871B-9ED132867B0B}
		{4F6FE2DB-0792-49C4-8BD4-35C70FB00702} = {E0849D37-FF45-4101-9549-200C365AFCAB}
		{C1858811-BEFB-4D54-8DF6-C9B985EC600C} = {4F6FE2DB-0792-49C4-8BD4-35C70FB00702}
	EndGlobalSection
	GlobalSection(ExtensibilityGlobals) = postSolution
		SolutionGuid = {FF4A3161-7D04-40CF-8C09-4E74B812C275}
	EndGlobalSection
EndGlobal
